github.com/pkg/browser v0.0.0-20210621091255-c198bc921a84 h1:Vl9snu4VYsWhFv3wTaOCRonbSXzzYcDM5YWhuP+MpHE=
github.com/pkg/browser v0.0.0-20210621091255-c198bc921a84/go.mod h1:yvwcBfzEX4m+eTgxPBbNYytaWFv4PSQzBaeYjxp8Iik=
golang.org/x/sync v0.0.0-20210220032951-036812b2e83c h1:5KslGYwFpkhGh+Q16bwMP3cOontH8FOep7tGV86Y7SQ=
golang.org/x/sync v0.0.0-20210220032951-036812b2e83c/go.mod h1:RxMgew5VJxzue5/jJTE5uejpjVlOe/izrB70Jof72aM=
golang.org/x/sys v0.0.0-20210319071255-635bc2c9138d h1:jbzgAvDZn8aEnytae+4ou0J0GwFZoHR0hOrTg4qH8GA=
golang.org/x/sys v0.0.0-20210319071255-635bc2c9138d/go.mod h1:h1NjWce9XRLGQEsW7wpKNCjG9DtNlClVuFLEZdDNbEs=
